
Microsoft Visual Studio Solution File, Format Version 12.00
# Visual Studio Version 16
VisualStudioVersion = 16.0.32126.315
MinimumVisualStudioVersion = 10.0.40219.1
Project("{FAE04EC0-301F-11D3-BF4B-00C04F79EFBC}") = "WcfServiceClient", "WcfServiceClient.csproj", "{C8014CA1-3269-463B-B4FB-F837870E5FDC}"
EndProject
Global
	GlobalSection(SolutionConfigurationPlatforms) = preSolution
		Debug|Any CPU = Debug|Any CPU
		Release|Any CPU = Release|Any CPU
	EndGlobalSection
	GlobalSection(ProjectConfigurationPlatforms) = postSolution
		{C8014CA1-3269-463B-B4FB-F837870E5FDC}.Debug|Any CPU.ActiveCfg = Debug|Any CPU
		{C8014CA1-3269-463B-B4FB-F837870E5FDC}.Debug|Any CPU.Build.0 = Debug|Any CPU
		{C8014CA1-3269-463B-B4FB-F837870E5FDC}.Release|Any CPU.ActiveCfg = Release|Any CPU
		{C8014CA1-3269-463B-B4FB-F837870E5FDC}.Release|Any CPU.Build.0 = Release|Any CPU
	EndGlobalSection
	GlobalSection(SolutionProperties) = preSolution
		HideSolutionNode = FALSE
	EndGlobalSection
	GlobalSection(ExtensibilityGlobals) = postSolution
		SolutionGuid = {6DDED680-4D00-43BB-981E-FD87CAB58BD6}
	EndGlobalSection
EndGlobal
